// !$*UTF8*$!
{
	archiveVersion = 1;
	classes = {
	};
	objectVersion = 46;
	objects = {

/* Begin PBXBuildFile section */
		5E75F9637744E44FE58592E7 /* libPods-TopMovies.a in Frameworks */ = {isa = PBXBuildFile; fileRef = 0555D19C599A2079E0CFDC7B /* libPods-TopMovies.a */; };
		C76604F01CA48947008D1CF5 /* UIKit.framework in Frameworks */ = {isa = PBXBuildFile; fileRef = C76604EF1CA48947008D1CF5 /* UIKit.framework */; };
		C76604F21CA48947008D1CF5 /* Foundation.framework in Frameworks */ = {isa = PBXBuildFile; fileRef = C76604F11CA48947008D1CF5 /* Foundation.framework */; };
		C76604F41CA48947008D1CF5 /* CoreGraphics.framework in Frameworks */ = {isa = PBXBuildFile; fileRef = C76604F31CA48947008D1CF5 /* CoreGraphics.framework */; };
		C76604FA1CA48947008D1CF5 /* InfoPlist.strings in Resources */ = {isa = PBXBuildFile; fileRef = C76604F81CA48947008D1CF5 /* InfoPlist.strings */; };
		C76604FC1CA48947008D1CF5 /* main.m in Sources */ = {isa = PBXBuildFile; fileRef = C76604FB1CA48947008D1CF5 /* main.m */; };
		C76605001CA48947008D1CF5 /* AppDelegate.m in Sources */ = {isa = PBXBuildFile; fileRef = C76604FF1CA48947008D1CF5 /* AppDelegate.m */; };
		C76605021CA48948008D1CF5 /* Default.png in Resources */ = {isa = PBXBuildFile; fileRef = C76605011CA48948008D1CF5 /* Default.png */; };
		C76605041CA48948008D1CF5 /* Default@2x.png in Resources */ = {isa = PBXBuildFile; fileRef = C76605031CA48948008D1CF5 /* Default@2x.png */; };
		C76605061CA48948008D1CF5 /* Default-568h@2x.png in Resources */ = {isa = PBXBuildFile; fileRef = C76605051CA48948008D1CF5 /* Default-568h@2x.png */; };
		C766050C1CA48948008D1CF5 /* ViewController.m in Sources */ = {isa = PBXBuildFile; fileRef = C766050B1CA48948008D1CF5 /* ViewController.m */; };
		C7C8927E1CA55772005DB8FB /* PosterViewController.m in Sources */ = {isa = PBXBuildFile; fileRef = C7C8927D1CA55772005DB8FB /* PosterViewController.m */; };
		C7CF86781CA885E2000E77C6 /* Images.m in Sources */ = {isa = PBXBuildFile; fileRef = C7CF86771CA885E2000E77C6 /* Images.m */; };
		C7CF867B1CA88A18000E77C6 /* RetornoConfiguration.m in Sources */ = {isa = PBXBuildFile; fileRef = C7CF867A1CA88A18000E77C6 /* RetornoConfiguration.m */; };
		C7CF867E1CA89185000E77C6 /* Collection.m in Sources */ = {isa = PBXBuildFile; fileRef = C7CF867D1CA89185000E77C6 /* Collection.m */; };
		C7CF86811CA89219000E77C6 /* FilmeInfo.m in Sources */ = {isa = PBXBuildFile; fileRef = C7CF86801CA89219000E77C6 /* FilmeInfo.m */; };
		C7CF86841CA89472000E77C6 /* Genres.m in Sources */ = {isa = PBXBuildFile; fileRef = C7CF86831CA89472000E77C6 /* Genres.m */; };
		C7CF86871CA894F4000E77C6 /* ProductionCompanies.m in Sources */ = {isa = PBXBuildFile; fileRef = C7CF86861CA894F4000E77C6 /* ProductionCompanies.m */; };
		C7CF868A1CA89526000E77C6 /* ProductionCountries.m in Sources */ = {isa = PBXBuildFile; fileRef = C7CF86891CA89526000E77C6 /* ProductionCountries.m */; };
		C7CF868D1CA89591000E77C6 /* RetornoMovieInfo.m in Sources */ = {isa = PBXBuildFile; fileRef = C7CF868C1CA89591000E77C6 /* RetornoMovieInfo.m */; };
		C7CF86901CA899DE000E77C6 /* SpokenLanguages.m in Sources */ = {isa = PBXBuildFile; fileRef = C7CF868F1CA899DE000E77C6 /* SpokenLanguages.m */; };
		C7CF86931CA89D58000E77C6 /* RetornoTMDB.m in Sources */ = {isa = PBXBuildFile; fileRef = C7CF86921CA89D58000E77C6 /* RetornoTMDB.m */; };
		C7CF86961CA89E46000E77C6 /* Trailer.m in Sources */ = {isa = PBXBuildFile; fileRef = C7CF86951CA89E45000E77C6 /* Trailer.m */; };
		C7CF86991CA89F17000E77C6 /* RetornoTrailer.m in Sources */ = {isa = PBXBuildFile; fileRef = C7CF86981CA89F17000E77C6 /* RetornoTrailer.m */; };
		C7D8AC621CA99CA5006B4499 /* no-512.png in Resources */ = {isa = PBXBuildFile; fileRef = C7D8AC611CA99CA5006B4499 /* no-512.png */; };
		C7D8AC641CA9A05A006B4499 /* loadinggif.gif in Resources */ = {isa = PBXBuildFile; fileRef = C7D8AC631CA9A05A006B4499 /* loadinggif.gif */; };
		C7D8AC671CA9A55E006B4499 /* ic_error.png in Resources */ = {isa = PBXBuildFile; fileRef = C7D8AC651CA9A55E006B4499 /* ic_error.png */; };
		C7D8AC681CA9A55E006B4499 /* progress_image.png in Resources */ = {isa = PBXBuildFile; fileRef = C7D8AC661CA9A55E006B4499 /* progress_image.png */; };
		C7D8AC751CA9A946006B4499 /* tmp-0.gif in Resources */ = {isa = PBXBuildFile; fileRef = C7D8AC691CA9A944006B4499 /* tmp-0.gif */; };
		C7D8AC761CA9A946006B4499 /* tmp-1.gif in Resources */ = {isa = PBXBuildFile; fileRef = C7D8AC6A1CA9A944006B4499 /* tmp-1.gif */; };
		C7D8AC771CA9A946006B4499 /* tmp-2.gif in Resources */ = {isa = PBXBuildFile; fileRef = C7D8AC6B1CA9A944006B4499 /* tmp-2.gif */; };
		C7D8AC781CA9A946006B4499 /* tmp-3.gif in Resources */ = {isa = PBXBuildFile; fileRef = C7D8AC6C1CA9A944006B4499 /* tmp-3.gif */; };
		C7D8AC791CA9A946006B4499 /* tmp-4.gif in Resources */ = {isa = PBXBuildFile; fileRef = C7D8AC6D1CA9A945006B4499 /* tmp-4.gif */; };
		C7D8AC7A1CA9A946006B4499 /* tmp-5.gif in Resources */ = {isa = PBXBuildFile; fileRef = C7D8AC6E1CA9A945006B4499 /* tmp-5.gif */; };
		C7D8AC7B1CA9A946006B4499 /* tmp-6.gif in Resources */ = {isa = PBXBuildFile; fileRef = C7D8AC6F1CA9A945006B4499 /* tmp-6.gif */; };
		C7D8AC7C1CA9A946006B4499 /* tmp-7.gif in Resources */ = {isa = PBXBuildFile; fileRef = C7D8AC701CA9A945006B4499 /* tmp-7.gif */; };
		C7D8AC7D1CA9A946006B4499 /* tmp-8.gif in Resources */ = {isa = PBXBuildFile; fileRef = C7D8AC711CA9A945006B4499 /* tmp-8.gif */; };
		C7D8AC7E1CA9A946006B4499 /* tmp-9.gif in Resources */ = {isa = PBXBuildFile; fileRef = C7D8AC721CA9A945006B4499 /* tmp-9.gif */; };
		C7D8AC7F1CA9A946006B4499 /* tmp-10.gif in Resources */ = {isa = PBXBuildFile; fileRef = C7D8AC731CA9A946006B4499 /* tmp-10.gif */; };
		C7D8AC801CA9A946006B4499 /* tmp-11.gif in Resources */ = {isa = PBXBuildFile; fileRef = C7D8AC741CA9A946006B4499 /* tmp-11.gif */; };
		C7F504651CA7115E0020095F /* hungergames.jpg in Resources */ = {isa = PBXBuildFile; fileRef = C7F504631CA7115E0020095F /* hungergames.jpg */; };
		C7F504661CA7115E0020095F /* superman.jpg in Resources */ = {isa = PBXBuildFile; fileRef = C7F504641CA7115E0020095F /* superman.jpg */; };
		C7FFD3B11CA6BEBD00212184 /* MainStoryboard.storyboard in Resources */ = {isa = PBXBuildFile; fileRef = C7FFD3B01CA6BEBD00212184 /* MainStoryboard.storyboard */; };
		C7FFD3B41CA6D4E800212184 /* MovieDetailViewController.m in Sources */ = {isa = PBXBuildFile; fileRef = C7FFD3B31CA6D4E800212184 /* MovieDetailViewController.m */; };
/* End PBXBuildFile section */

/* Begin PBXFileReference section */
		0555D19C599A2079E0CFDC7B /* libPods-TopMovies.a */ = {isa = PBXFileReference; explicitFileType = archive.ar; includeInIndex = 0; path = "libPods-TopMovies.a"; sourceTree = BUILT_PRODUCTS_DIR; };
		88F06DD33E47DBBFB5DBA650 /* Pods-TopMovies.release.xcconfig */ = {isa = PBXFileReference; includeInIndex = 1; lastKnownFileType = text.xcconfig; name = "Pods-TopMovies.release.xcconfig"; path = "Pods/Target Support Files/Pods-TopMovies/Pods-TopMovies.release.xcconfig"; sourceTree = "<group>"; };
		C76604EC1CA48947008D1CF5 /* TopMovies.app */ = {isa = PBXFileReference; explicitFileType = wrapper.application; includeInIndex = 0; path = TopMovies.app; sourceTree = BUILT_PRODUCTS_DIR; };
		C76604EF1CA48947008D1CF5 /* UIKit.framework */ = {isa = PBXFileReference; lastKnownFileType = wrapper.framework; name = UIKit.framework; path = System/Library/Frameworks/UIKit.framework; sourceTree = SDKROOT; };
		C76604F11CA48947008D1CF5 /* Foundation.framework */ = {isa = PBXFileReference; lastKnownFileType = wrapper.framework; name = Foundation.framework; path = System/Library/Frameworks/Foundation.framework; sourceTree = SDKROOT; };
		C76604F31CA48947008D1CF5 /* CoreGraphics.framework */ = {isa = PBXFileReference; lastKnownFileType = wrapper.framework; name = CoreGraphics.framework; path = System/Library/Frameworks/CoreGraphics.framework; sourceTree = SDKROOT; };
		C76604F71CA48947008D1CF5 /* TopMovies-Info.plist */ = {isa = PBXFileReference; lastKnownFileType = text.plist.xml; path = "TopMovies-Info.plist"; sourceTree = "<group>"; };
		C76604F91CA48947008D1CF5 /* en */ = {isa = PBXFileReference; lastKnownFileType = text.plist.strings; name = en; path = en.lproj/InfoPlist.strings; sourceTree = "<group>"; };
		C76604FB1CA48947008D1CF5 /* main.m */ = {isa = PBXFileReference; lastKnownFileType = sourcecode.c.objc; path = main.m; sourceTree = "<group>"; };
		C76604FD1CA48947008D1CF5 /* TopMovies-Prefix.pch */ = {isa = PBXFileReference; lastKnownFileType = sourcecode.c.h; path = "TopMovies-Prefix.pch"; sourceTree = "<group>"; };
		C76604FE1CA48947008D1CF5 /* AppDelegate.h */ = {isa = PBXFileReference; lastKnownFileType = sourcecode.c.h; path = AppDelegate.h; sourceTree = "<group>"; };
		C76604FF1CA48947008D1CF5 /* AppDelegate.m */ = {isa = PBXFileReference; lastKnownFileType = sourcecode.c.objc; path = AppDelegate.m; sourceTree = "<group>"; };
		C76605011CA48948008D1CF5 /* Default.png */ = {isa = PBXFileReference; lastKnownFileType = image.png; path = Default.png; sourceTree = "<group>"; };
		C76605031CA48948008D1CF5 /* Default@2x.png */ = {isa = PBXFileReference; lastKnownFileType = image.png; path = "Default@2x.png"; sourceTree = "<group>"; };
		C76605051CA48948008D1CF5 /* Default-568h@2x.png */ = {isa = PBXFileReference; lastKnownFileType = image.png; path = "Default-568h@2x.png"; sourceTree = "<group>"; };
		C766050A1CA48948008D1CF5 /* ViewController.h */ = {isa = PBXFileReference; lastKnownFileType = sourcecode.c.h; path = ViewController.h; sourceTree = "<group>"; };
		C766050B1CA48948008D1CF5 /* ViewController.m */ = {isa = PBXFileReference; lastKnownFileType = sourcecode.c.objc; path = ViewController.m; sourceTree = "<group>"; };
		C7C8927C1CA55772005DB8FB /* PosterViewController.h */ = {isa = PBXFileReference; fileEncoding = 4; lastKnownFileType = sourcecode.c.h; path = PosterViewController.h; sourceTree = "<group>"; };
		C7C8927D1CA55772005DB8FB /* PosterViewController.m */ = {isa = PBXFileReference; fileEncoding = 4; lastKnownFileType = sourcecode.c.objc; path = PosterViewController.m; sourceTree = "<group>"; };
		C7CF86761CA885E2000E77C6 /* Images.h */ = {isa = PBXFileReference; fileEncoding = 4; lastKnownFileType = sourcecode.c.h; path = Images.h; sourceTree = "<group>"; };
		C7CF86771CA885E2000E77C6 /* Images.m */ = {isa = PBXFileReference; fileEncoding = 4; lastKnownFileType = sourcecode.c.objc; path = Images.m; sourceTree = "<group>"; };
		C7CF86791CA88A18000E77C6 /* RetornoConfiguration.h */ = {isa = PBXFileReference; fileEncoding = 4; lastKnownFileType = sourcecode.c.h; path = RetornoConfiguration.h; sourceTree = "<group>"; };
		C7CF867A1CA88A18000E77C6 /* RetornoConfiguration.m */ = {isa = PBXFileReference; fileEncoding = 4; lastKnownFileType = sourcecode.c.objc; path = RetornoConfiguration.m; sourceTree = "<group>"; };
		C7CF867C1CA89185000E77C6 /* Collection.h */ = {isa = PBXFileReference; fileEncoding = 4; lastKnownFileType = sourcecode.c.h; path = Collection.h; sourceTree = "<group>"; };
		C7CF867D1CA89185000E77C6 /* Collection.m */ = {isa = PBXFileReference; fileEncoding = 4; lastKnownFileType = sourcecode.c.objc; path = Collection.m; sourceTree = "<group>"; };
		C7CF867F1CA89219000E77C6 /* FilmeInfo.h */ = {isa = PBXFileReference; fileEncoding = 4; lastKnownFileType = sourcecode.c.h; path = FilmeInfo.h; sourceTree = "<group>"; };
		C7CF86801CA89219000E77C6 /* FilmeInfo.m */ = {isa = PBXFileReference; fileEncoding = 4; lastKnownFileType = sourcecode.c.objc; path = FilmeInfo.m; sourceTree = "<group>"; };
		C7CF86821CA89472000E77C6 /* Genres.h */ = {isa = PBXFileReference; fileEncoding = 4; lastKnownFileType = sourcecode.c.h; path = Genres.h; sourceTree = "<group>"; };
		C7CF86831CA89472000E77C6 /* Genres.m */ = {isa = PBXFileReference; fileEncoding = 4; lastKnownFileType = sourcecode.c.objc; path = Genres.m; sourceTree = "<group>"; };
		C7CF86851CA894F4000E77C6 /* ProductionCompanies.h */ = {isa = PBXFileReference; fileEncoding = 4; lastKnownFileType = sourcecode.c.h; path = ProductionCompanies.h; sourceTree = "<group>"; };
		C7CF86861CA894F4000E77C6 /* ProductionCompanies.m */ = {isa = PBXFileReference; fileEncoding = 4; lastKnownFileType = sourcecode.c.objc; path = ProductionCompanies.m; sourceTree = "<group>"; };
		C7CF86881CA89526000E77C6 /* ProductionCountries.h */ = {isa = PBXFileReference; fileEncoding = 4; lastKnownFileType = sourcecode.c.h; path = ProductionCountries.h; sourceTree = "<group>"; };
		C7CF86891CA89526000E77C6 /* ProductionCountries.m */ = {isa = PBXFileReference; fileEncoding = 4; lastKnownFileType = sourcecode.c.objc; path = ProductionCountries.m; sourceTree = "<group>"; };
		C7CF868B1CA89591000E77C6 /* RetornoMovieInfo.h */ = {isa = PBXFileReference; fileEncoding = 4; lastKnownFileType = sourcecode.c.h; path = RetornoMovieInfo.h; sourceTree = "<group>"; };
		C7CF868C1CA89591000E77C6 /* RetornoMovieInfo.m */ = {isa = PBXFileReference; fileEncoding = 4; lastKnownFileType = sourcecode.c.objc; path = RetornoMovieInfo.m; sourceTree = "<group>"; };
		C7CF868E1CA899DD000E77C6 /* SpokenLanguages.h */ = {isa = PBXFileReference; fileEncoding = 4; lastKnownFileType = sourcecode.c.h; path = SpokenLanguages.h; sourceTree = "<group>"; };
		C7CF868F1CA899DE000E77C6 /* SpokenLanguages.m */ = {isa = PBXFileReference; fileEncoding = 4; lastKnownFileType = sourcecode.c.objc; path = SpokenLanguages.m; sourceTree = "<group>"; };
		C7CF86911CA89D58000E77C6 /* RetornoTMDB.h */ = {isa = PBXFileReference; fileEncoding = 4; lastKnownFileType = sourcecode.c.h; path = RetornoTMDB.h; sourceTree = "<group>"; };
		C7CF86921CA89D58000E77C6 /* RetornoTMDB.m */ = {isa = PBXFileReference; fileEncoding = 4; lastKnownFileType = sourcecode.c.objc; path = RetornoTMDB.m; sourceTree = "<group>"; };
		C7CF86941CA89E45000E77C6 /* Trailer.h */ = {isa = PBXFileReference; fileEncoding = 4; lastKnownFileType = sourcecode.c.h; path = Trailer.h; sourceTree = "<group>"; };
		C7CF86951CA89E45000E77C6 /* Trailer.m */ = {isa = PBXFileReference; fileEncoding = 4; lastKnownFileType = sourcecode.c.objc; path = Trailer.m; sourceTree = "<group>"; };
		C7CF86971CA89F16000E77C6 /* RetornoTrailer.h */ = {isa = PBXFileReference; fileEncoding = 4; lastKnownFileType = sourcecode.c.h; path = RetornoTrailer.h; sourceTree = "<group>"; };
		C7CF86981CA89F17000E77C6 /* RetornoTrailer.m */ = {isa = PBXFileReference; fileEncoding = 4; lastKnownFileType = sourcecode.c.objc; path = RetornoTrailer.m; sourceTree = "<group>"; };
		C7D8AC611CA99CA5006B4499 /* no-512.png */ = {isa = PBXFileReference; lastKnownFileType = image.png; path = "no-512.png"; sourceTree = "<group>"; };
		C7D8AC631CA9A05A006B4499 /* loadinggif.gif */ = {isa = PBXFileReference; lastKnownFileType = image.gif; path = loadinggif.gif; sourceTree = "<group>"; };
		C7D8AC651CA9A55E006B4499 /* ic_error.png */ = {isa = PBXFileReference; lastKnownFileType = image.png; path = ic_error.png; sourceTree = "<group>"; };
		C7D8AC661CA9A55E006B4499 /* progress_image.png */ = {isa = PBXFileReference; lastKnownFileType = image.png; path = progress_image.png; sourceTree = "<group>"; };
		C7D8AC691CA9A944006B4499 /* tmp-0.gif */ = {isa = PBXFileReference; lastKnownFileType = image.gif; path = "tmp-0.gif"; sourceTree = "<group>"; };
		C7D8AC6A1CA9A944006B4499 /* tmp-1.gif */ = {isa = PBXFileReference; lastKnownFileType = image.gif; path = "tmp-1.gif"; sourceTree = "<group>"; };
		C7D8AC6B1CA9A944006B4499 /* tmp-2.gif */ = {isa = PBXFileReference; lastKnownFileType = image.gif; path = "tmp-2.gif"; sourceTree = "<group>"; };
		C7D8AC6C1CA9A944006B4499 /* tmp-3.gif */ = {isa = PBXFileReference; lastKnownFileType = image.gif; path = "tmp-3.gif"; sourceTree = "<group>"; };
		C7D8AC6D1CA9A945006B4499 /* tmp-4.gif */ = {isa = PBXFileReference; lastKnownFileType = image.gif; path = "tmp-4.gif"; sourceTree = "<group>"; };
		C7D8AC6E1CA9A945006B4499 /* tmp-5.gif */ = {isa = PBXFileReference; lastKnownFileType = image.gif; path = "tmp-5.gif"; sourceTree = "<group>"; };
		C7D8AC6F1CA9A945006B4499 /* tmp-6.gif */ = {isa = PBXFileReference; lastKnownFileType = image.gif; path = "tmp-6.gif"; sourceTree = "<group>"; };
		C7D8AC701CA9A945006B4499 /* tmp-7.gif */ = {isa = PBXFileReference; lastKnownFileType = image.gif; path = "tmp-7.gif"; sourceTree = "<group>"; };
		C7D8AC711CA9A945006B4499 /* tmp-8.gif */ = {isa = PBXFileReference; lastKnownFileType = image.gif; path = "tmp-8.gif"; sourceTree = "<group>"; };
		C7D8AC721CA9A945006B4499 /* tmp-9.gif */ = {isa = PBXFileReference; lastKnownFileType = image.gif; path = "tmp-9.gif"; sourceTree = "<group>"; };
		C7D8AC731CA9A946006B4499 /* tmp-10.gif */ = {isa = PBXFileReference; lastKnownFileType = image.gif; path = "tmp-10.gif"; sourceTree = "<group>"; };
		C7D8AC741CA9A946006B4499 /* tmp-11.gif */ = {isa = PBXFileReference; lastKnownFileType = image.gif; path = "tmp-11.gif"; sourceTree = "<group>"; };
		C7F504631CA7115E0020095F /* hungergames.jpg */ = {isa = PBXFileReference; lastKnownFileType = image.jpeg; path = hungergames.jpg; sourceTree = "<group>"; };
		C7F504641CA7115E0020095F /* superman.jpg */ = {isa = PBXFileReference; lastKnownFileType = image.jpeg; path = superman.jpg; sourceTree = "<group>"; };
		C7FFD3B01CA6BEBD00212184 /* MainStoryboard.storyboard */ = {isa = PBXFileReference; fileEncoding = 4; lastKnownFileType = file.storyboard; path = MainStoryboard.storyboard; sourceTree = "<group>"; };
		C7FFD3B21CA6D4E800212184 /* MovieDetailViewController.h */ = {isa = PBXFileReference; fileEncoding = 4; lastKnownFileType = sourcecode.c.h; path = MovieDetailViewController.h; sourceTree = "<group>"; };
		C7FFD3B31CA6D4E800212184 /* MovieDetailViewController.m */ = {isa = PBXFileReference; fileEncoding = 4; lastKnownFileType = sourcecode.c.objc; path = MovieDetailViewController.m; sourceTree = "<group>"; };
		C9390466955F1FBB0756CB7D /* Pods-TopMovies.debug.xcconfig */ = {isa = PBXFileReference; includeInIndex = 1; lastKnownFileType = text.xcconfig; name = "Pods-TopMovies.debug.xcconfig"; path = "Pods/Target Support Files/Pods-TopMovies/Pods-TopMovies.debug.xcconfig"; sourceTree = "<group>"; };
/* End PBXFileReference section */

/* Begin PBXFrameworksBuildPhase section */
		C76604E91CA48947008D1CF5 /* Frameworks */ = {
			isa = PBXFrameworksBuildPhase;
			buildActionMask = 2147483647;
			files = (
				C76604F01CA48947008D1CF5 /* UIKit.framework in Frameworks */,
				C76604F21CA48947008D1CF5 /* Foundation.framework in Frameworks */,
				C76604F41CA48947008D1CF5 /* CoreGraphics.framework in Frameworks */,
				5E75F9637744E44FE58592E7 /* libPods-TopMovies.a in Frameworks */,
			);
			runOnlyForDeploymentPostprocessing = 0;
		};
/* End PBXFrameworksBuildPhase section */

/* Begin PBXGroup section */
		46013944D01F37CCECA9BBCF /* Pods */ = {
			isa = PBXGroup;
			children = (
				C9390466955F1FBB0756CB7D /* Pods-TopMovies.debug.xcconfig */,
				88F06DD33E47DBBFB5DBA650 /* Pods-TopMovies.release.xcconfig */,
			);
			name = Pods;
			sourceTree = "<group>";
		};
		C76604E31CA48947008D1CF5 = {
			isa = PBXGroup;
			children = (
				C76604F51CA48947008D1CF5 /* TopMovies */,
				C76604EE1CA48947008D1CF5 /* Frameworks */,
				C76604ED1CA48947008D1CF5 /* Products */,
				46013944D01F37CCECA9BBCF /* Pods */,
			);
			sourceTree = "<group>";
		};
		C76604ED1CA48947008D1CF5 /* Products */ = {
			isa = PBXGroup;
			children = (
				C76604EC1CA48947008D1CF5 /* TopMovies.app */,
			);
			name = Products;
			sourceTree = "<group>";
		};
		C76604EE1CA48947008D1CF5 /* Frameworks */ = {
			isa = PBXGroup;
			children = (
				C76604EF1CA48947008D1CF5 /* UIKit.framework */,
				C76604F11CA48947008D1CF5 /* Foundation.framework */,
				C76604F31CA48947008D1CF5 /* CoreGraphics.framework */,
				0555D19C599A2079E0CFDC7B /* libPods-TopMovies.a */,
			);
			name = Frameworks;
			sourceTree = "<group>";
		};
		C76604F51CA48947008D1CF5 /* TopMovies */ = {
			isa = PBXGroup;
			children = (
				C7F504841CA716430020095F /* JSON */,
				C7D8AC811CA9B3E1006B4499 /* Pictures */,
				C76604FE1CA48947008D1CF5 /* AppDelegate.h */,
				C76604FF1CA48947008D1CF5 /* AppDelegate.m */,
				C766050A1CA48948008D1CF5 /* ViewController.h */,
				C766050B1CA48948008D1CF5 /* ViewController.m */,
				C76604F61CA48947008D1CF5 /* Supporting Files */,
				C7C8927C1CA55772005DB8FB /* PosterViewController.h */,
				C7C8927D1CA55772005DB8FB /* PosterViewController.m */,
				C7FFD3B01CA6BEBD00212184 /* MainStoryboard.storyboard */,
				C7FFD3B21CA6D4E800212184 /* MovieDetailViewController.h */,
				C7FFD3B31CA6D4E800212184 /* MovieDetailViewController.m */,
			);
			path = TopMovies;
			sourceTree = "<group>";
		};
		C76604F61CA48947008D1CF5 /* Supporting Files */ = {
			isa = PBXGroup;
			children = (
				C76604F71CA48947008D1CF5 /* TopMovies-Info.plist */,
				C76604F81CA48947008D1CF5 /* InfoPlist.strings */,
				C76604FB1CA48947008D1CF5 /* main.m */,
				C76604FD1CA48947008D1CF5 /* TopMovies-Prefix.pch */,
				C76605011CA48948008D1CF5 /* Default.png */,
				C76605031CA48948008D1CF5 /* Default@2x.png */,
				C76605051CA48948008D1CF5 /* Default-568h@2x.png */,
			);
			name = "Supporting Files";
			sourceTree = "<group>";
		};
		C7D8AC811CA9B3E1006B4499 /* Pictures */ = {
			isa = PBXGroup;
			children = (
				C7D8AC661CA9A55E006B4499 /* progress_image.png */,
				C7D8AC631CA9A05A006B4499 /* loadinggif.gif */,
				C7D8AC611CA99CA5006B4499 /* no-512.png */,
				C7F504641CA7115E0020095F /* superman.jpg */,
				C7F504631CA7115E0020095F /* hungergames.jpg */,
				C7D8AC651CA9A55E006B4499 /* ic_error.png */,
				C7D8AC691CA9A944006B4499 /* tmp-0.gif */,
				C7D8AC6A1CA9A944006B4499 /* tmp-1.gif */,
				C7D8AC6B1CA9A944006B4499 /* tmp-2.gif */,
				C7D8AC6C1CA9A944006B4499 /* tmp-3.gif */,
				C7D8AC6D1CA9A945006B4499 /* tmp-4.gif */,
				C7D8AC6E1CA9A945006B4499 /* tmp-5.gif */,
				C7D8AC6F1CA9A945006B4499 /* tmp-6.gif */,
				C7D8AC701CA9A945006B4499 /* tmp-7.gif */,
				C7D8AC711CA9A945006B4499 /* tmp-8.gif */,
				C7D8AC721CA9A945006B4499 /* tmp-9.gif */,
				C7D8AC731CA9A946006B4499 /* tmp-10.gif */,
				C7D8AC741CA9A946006B4499 /* tmp-11.gif */,
			);
			name = Pictures;
			sourceTree = "<group>";
		};
		C7F504841CA716430020095F /* JSON */ = {
			isa = PBXGroup;
			children = (
				C7CF86761CA885E2000E77C6 /* Images.h */,
				C7CF86771CA885E2000E77C6 /* Images.m */,
				C7CF86791CA88A18000E77C6 /* RetornoConfiguration.h */,
				C7CF867A1CA88A18000E77C6 /* RetornoConfiguration.m */,
				C7CF867C1CA89185000E77C6 /* Collection.h */,
				C7CF867D1CA89185000E77C6 /* Collection.m */,
				C7CF867F1CA89219000E77C6 /* FilmeInfo.h */,
				C7CF86801CA89219000E77C6 /* FilmeInfo.m */,
				C7CF86821CA89472000E77C6 /* Genres.h */,
				C7CF86831CA89472000E77C6 /* Genres.m */,
				C7CF86851CA894F4000E77C6 /* ProductionCompanies.h */,
				C7CF86861CA894F4000E77C6 /* ProductionCompanies.m */,
				C7CF86881CA89526000E77C6 /* ProductionCountries.h */,
				C7CF86891CA89526000E77C6 /* ProductionCountries.m */,
				C7CF868E1CA899DD000E77C6 /* SpokenLanguages.h */,
				C7CF868F1CA899DE000E77C6 /* SpokenLanguages.m */,
				C7CF868B1CA89591000E77C6 /* RetornoMovieInfo.h */,
				C7CF868C1CA89591000E77C6 /* RetornoMovieInfo.m */,
				C7CF86911CA89D58000E77C6 /* RetornoTMDB.h */,
				C7CF86921CA89D58000E77C6 /* RetornoTMDB.m */,
				C7CF86941CA89E45000E77C6 /* Trailer.h */,
				C7CF86951CA89E45000E77C6 /* Trailer.m */,
				C7CF86971CA89F16000E77C6 /* RetornoTrailer.h */,
				C7CF86981CA89F17000E77C6 /* RetornoTrailer.m */,
			);
			name = JSON;
			sourceTree = "<group>";
		};
/* End PBXGroup section */

/* Begin PBXNativeTarget section */
		C76604EB1CA48947008D1CF5 /* TopMovies */ = {
			isa = PBXNativeTarget;
			buildConfigurationList = C766050F1CA48948008D1CF5 /* Build configuration list for PBXNativeTarget "TopMovies" */;
			buildPhases = (
				6D413428998ACCC5F80A2319 /*  Check Pods Manifest.lock */,
				C4EF21F5EEB27372D9D9DC07 /*  Check Pods Manifest.lock */,
				F416359DE513A2FF495A8DAA /*  Check Pods Manifest.lock */,
				0C436FD21C7E17EA94911CC0 /*  Check Pods Manifest.lock */,
				59B7CFFF138AC91A36A62035 /*  Check Pods Manifest.lock */,
				2A9D83C512CEC752A8751BF7 /*  Check Pods Manifest.lock */,
				DB367007E0946C04CADE71A7 /*  Check Pods Manifest.lock */,
				C2801B03F4F00777A116EF74 /*  Check Pods Manifest.lock */,
				489D7492D32C5D79441FDA6C /*  Check Pods Manifest.lock */,
				C76604E81CA48947008D1CF5 /* Sources */,
				C76604E91CA48947008D1CF5 /* Frameworks */,
				C76604EA1CA48947008D1CF5 /* Resources */,
				A5EC6250B7F600C1166813CD /*  Embed Pods Frameworks */,
				4712BE601C34CEF398D259A8 /*  Copy Pods Resources */,
				74C649C047265F7C84CC582A /*  Embed Pods Frameworks */,
				09DA58BB29D3FE99B82A9F69 /*  Copy Pods Resources */,
				ECF9DD60CCB09F5A3AE7DED0 /*  Embed Pods Frameworks */,
				8F1009D2C31F678B8AC3EAA1 /*  Copy Pods Resources */,
				C8CD887B208CAA1361552B23 /*  Embed Pods Frameworks */,
				FFCAA07671A2E58D8B4B0B30 /*  Copy Pods Resources */,
				3D1233B57304D3C6A2B8CB2B /*  Embed Pods Frameworks */,
				FE9326F593B1F30418B5F1D9 /*  Copy Pods Resources */,
				4DF28FB927744575B03D5ADF /*  Embed Pods Frameworks */,
				30D1C5E1E03091190BB75A89 /*  Copy Pods Resources */,
				86BC98762647FF660AC25669 /*  Embed Pods Frameworks */,
				1AF122607301067A7A3ABBDC /*  Copy Pods Resources */,
				30E038D7220A8CD90E7FBDF1 /*  Embed Pods Frameworks */,
				DC59E18D241A9C85C698936B /*  Copy Pods Resources */,
				C74187086B02CB7D261FD00B /*  Embed Pods Frameworks */,
				84D58AFA954318B9E7FD8E96 /*  Copy Pods Resources */,
			);
			buildRules = (
			);
			dependencies = (
			);
			name = TopMovies;
			productName = TopMovies;
			productReference = C76604EC1CA48947008D1CF5 /* TopMovies.app */;
			productType = "com.apple.product-type.application";
		};
/* End PBXNativeTarget section */

/* Begin PBXProject section */
		C76604E41CA48947008D1CF5 /* Project object */ = {
			isa = PBXProject;
			attributes = {
				LastUpgradeCheck = 0460;
				ORGANIZATIONNAME = "Luiz Byrro";
			};
			buildConfigurationList = C76604E71CA48947008D1CF5 /* Build configuration list for PBXProject "TopMovies" */;
			compatibilityVersion = "Xcode 3.2";
			developmentRegion = English;
			hasScannedForEncodings = 0;
			knownRegions = (
				en,
			);
			mainGroup = C76604E31CA48947008D1CF5;
			productRefGroup = C76604ED1CA48947008D1CF5 /* Products */;
			projectDirPath = "";
			projectRoot = "";
			targets = (
				C76604EB1CA48947008D1CF5 /* TopMovies */,
			);
		};
/* End PBXProject section */

/* Begin PBXResourcesBuildPhase section */
		C76604EA1CA48947008D1CF5 /* Resources */ = {
			isa = PBXResourcesBuildPhase;
			buildActionMask = 2147483647;
			files = (
				C76604FA1CA48947008D1CF5 /* InfoPlist.strings in Resources */,
				C76605021CA48948008D1CF5 /* Default.png in Resources */,
				C76605041CA48948008D1CF5 /* Default@2x.png in Resources */,
				C76605061CA48948008D1CF5 /* Default-568h@2x.png in Resources */,
				C7FFD3B11CA6BEBD00212184 /* MainStoryboard.storyboard in Resources */,
				C7F504651CA7115E0020095F /* hungergames.jpg in Resources */,
				C7F504661CA7115E0020095F /* superman.jpg in Resources */,
				C7D8AC621CA99CA5006B4499 /* no-512.png in Resources */,
				C7D8AC641CA9A05A006B4499 /* loadinggif.gif in Resources */,
				C7D8AC671CA9A55E006B4499 /* ic_error.png in Resources */,
				C7D8AC681CA9A55E006B4499 /* progress_image.png in Resources */,
				C7D8AC751CA9A946006B4499 /* tmp-0.gif in Resources */,
				C7D8AC761CA9A946006B4499 /* tmp-1.gif in Resources */,
				C7D8AC771CA9A946006B4499 /* tmp-2.gif in Resources */,
				C7D8AC781CA9A946006B4499 /* tmp-3.gif in Resources */,
				C7D8AC791CA9A946006B4499 /* tmp-4.gif in Resources */,
				C7D8AC7A1CA9A946006B4499 /* tmp-5.gif in Resources */,
				C7D8AC7B1CA9A946006B4499 /* tmp-6.gif in Resources */,
				C7D8AC7C1CA9A946006B4499 /* tmp-7.gif in Resources */,
				C7D8AC7D1CA9A946006B4499 /* tmp-8.gif in Resources */,
				C7D8AC7E1CA9A946006B4499 /* tmp-9.gif in Resources */,
				C7D8AC7F1CA9A946006B4499 /* tmp-10.gif in Resources */,
				C7D8AC801CA9A946006B4499 /* tmp-11.gif in Resources */,
			);
			runOnlyForDeploymentPostprocessing = 0;
		};
/* End PBXResourcesBuildPhase section */

/* Begin PBXShellScriptBuildPhase section */
		09DA58BB29D3FE99B82A9F69 /*  Copy Pods Resources */ = {
			isa = PBXShellScriptBuildPhase;
			buildActionMask = 2147483647;
			files = (
			);
			inputPaths = (
			);
			name = " Copy Pods Resources";
			outputPaths = (
			);
			runOnlyForDeploymentPostprocessing = 0;
			shellPath = /bin/sh;
			shellScript = "\"${SRCROOT}/Pods/Target Support Files/Pods-TopMovies/Pods-TopMovies-resources.sh\"\n";
			showEnvVarsInLog = 0;
		};
		0C436FD21C7E17EA94911CC0 /*  Check Pods Manifest.lock */ = {
			isa = PBXShellScriptBuildPhase;
			buildActionMask = 2147483647;
			files = (
			);
			inputPaths = (
			);
			name = " Check Pods Manifest.lock";
			outputPaths = (
			);
			runOnlyForDeploymentPostprocessing = 0;
			shellPath = /bin/sh;
			shellScript = "diff \"${PODS_ROOT}/../Podfile.lock\" \"${PODS_ROOT}/Manifest.lock\" > /dev/null\nif [[ $? != 0 ]] ; then\n    cat << EOM\nerror: The sandbox is not in sync with the Podfile.lock. Run 'pod install' or update your CocoaPods installation.\nEOM\n    exit 1\nfi\n";
			showEnvVarsInLog = 0;
		};
		1AF122607301067A7A3ABBDC /*  Copy Pods Resources */ = {
			isa = PBXShellScriptBuildPhase;
			buildActionMask = 2147483647;
			files = (
			);
			inputPaths = (
			);
			name = " Copy Pods Resources";
			outputPaths = (
			);
			runOnlyForDeploymentPostprocessing = 0;
			shellPath = /bin/sh;
			shellScript = "\"${SRCROOT}/Pods/Target Support Files/Pods-TopMovies/Pods-TopMovies-resources.sh\"\n";
			showEnvVarsInLog = 0;
		};
		2A9D83C512CEC752A8751BF7 /*  Check Pods Manifest.lock */ = {
			isa = PBXShellScriptBuildPhase;
			buildActionMask = 2147483647;
			files = (
			);
			inputPaths = (
			);
			name = " Check Pods Manifest.lock";
			outputPaths = (
			);
			runOnlyForDeploymentPostprocessing = 0;
			shellPath = /bin/sh;
			shellScript = "diff \"${PODS_ROOT}/../Podfile.lock\" \"${PODS_ROOT}/Manifest.lock\" > /dev/null\nif [[ $? != 0 ]] ; then\n    cat << EOM\nerror: The sandbox is not in sync with the Podfile.lock. Run 'pod install' or update your CocoaPods installation.\nEOM\n    exit 1\nfi\n";
			showEnvVarsInLog = 0;
		};
		30D1C5E1E03091190BB75A89 /*  Copy Pods Resources */ = {
			isa = PBXShellScriptBuildPhase;
			buildActionMask = 2147483647;
			files = (
			);
			inputPaths = (
			);
			name = " Copy Pods Resources";
			outputPaths = (
			);
			runOnlyForDeploymentPostprocessing = 0;
			shellPath = /bin/sh;
			shellScript = "\"${SRCROOT}/Pods/Target Support Files/Pods-TopMovies/Pods-TopMovies-resources.sh\"\n";
			showEnvVarsInLog = 0;
		};
		30E038D7220A8CD90E7FBDF1 /*  Embed Pods Frameworks */ = {
			isa = PBXShellScriptBuildPhase;
			buildActionMask = 2147483647;
			files = (
			);
			inputPaths = (
			);
			name = " Embed Pods Frameworks";
			outputPaths = (
			);
			runOnlyForDeploymentPostprocessing = 0;
			shellPath = /bin/sh;
			shellScript = "\"${SRCROOT}/Pods/Target Support Files/Pods-TopMovies/Pods-TopMovies-frameworks.sh\"\n";
			showEnvVarsInLog = 0;
		};
		3D1233B57304D3C6A2B8CB2B /*  Embed Pods Frameworks */ = {
			isa = PBXShellScriptBuildPhase;
			buildActionMask = 2147483647;
			files = (
			);
			inputPaths = (
			);
			name = " Embed Pods Frameworks";
			outputPaths = (
			);
			runOnlyForDeploymentPostprocessing = 0;
			shellPath = /bin/sh;
			shellScript = "\"${SRCROOT}/Pods/Target Support Files/Pods-TopMovies/Pods-TopMovies-frameworks.sh\"\n";
			showEnvVarsInLog = 0;
		};
		4712BE601C34CEF398D259A8 /*  Copy Pods Resources */ = {
			isa = PBXShellScriptBuildPhase;
			buildActionMask = 2147483647;
			files = (
			);
			inputPaths = (
			);
			name = " Copy Pods Resources";
			outputPaths = (
			);
			runOnlyForDeploymentPostprocessing = 0;
			shellPath = /bin/sh;
			shellScript = "\"${SRCROOT}/Pods/Target Support Files/Pods-TopMovies/Pods-TopMovies-resources.sh\"\n";
			showEnvVarsInLog = 0;
		};
		489D7492D32C5D79441FDA6C /*  Check Pods Manifest.lock */ = {
			isa = PBXShellScriptBuildPhase;
			buildActionMask = 2147483647;
			files = (
			);
			inputPaths = (
			);
			name = " Check Pods Manifest.lock";
			outputPaths = (
			);
			runOnlyForDeploymentPostprocessing = 0;
			shellPath = /bin/sh;
			shellScript = "diff \"${PODS_ROOT}/../Podfile.lock\" \"${PODS_ROOT}/Manifest.lock\" > /dev/null\nif [[ $? != 0 ]] ; then\n    cat << EOM\nerror: The sandbox is not in sync with the Podfile.lock. Run 'pod install' or update your CocoaPods installation.\nEOM\n    exit 1\nfi\n";
			showEnvVarsInLog = 0;
		};
		4DF28FB927744575B03D5ADF /*  Embed Pods Frameworks */ = {
			isa = PBXShellScriptBuildPhase;
			buildActionMask = 2147483647;
			files = (
			);
			inputPaths = (
			);
			name = " Embed Pods Frameworks";
			outputPaths = (
			);
			runOnlyForDeploymentPostprocessing = 0;
			shellPath = /bin/sh;
			shellScript = "\"${SRCROOT}/Pods/Target Support Files/Pods-TopMovies/Pods-TopMovies-frameworks.sh\"\n";
			showEnvVarsInLog = 0;
		};
		59B7CFFF138AC91A36A62035 /*  Check Pods Manifest.lock */ = {
			isa = PBXShellScriptBuildPhase;
			buildActionMask = 2147483647;
			files = (
			);
			inputPaths = (
			);
			name = " Check Pods Manifest.lock";
			outputPaths = (
			);
			runOnlyForDeploymentPostprocessing = 0;
			shellPath = /bin/sh;
			shellScript = "diff \"${PODS_ROOT}/../Podfile.lock\" \"${PODS_ROOT}/Manifest.lock\" > /dev/null\nif [[ $? != 0 ]] ; then\n    cat << EOM\nerror: The sandbox is not in sync with the Podfile.lock. Run 'pod install' or update your CocoaPods installation.\nEOM\n    exit 1\nfi\n";
			showEnvVarsInLog = 0;
		};
		6D413428998ACCC5F80A2319 /*  Check Pods Manifest.lock */ = {
			isa = PBXShellScriptBuildPhase;
			buildActionMask = 2147483647;
			files = (
			);
			inputPaths = (
			);
			name = " Check Pods Manifest.lock";
			outputPaths = (
			);
			runOnlyForDeploymentPostprocessing = 0;
			shellPath = /bin/sh;
			shellScript = "diff \"${PODS_ROOT}/../Podfile.lock\" \"${PODS_ROOT}/Manifest.lock\" > /dev/null\nif [[ $? != 0 ]] ; then\n    cat << EOM\nerror: The sandbox is not in sync with the Podfile.lock. Run 'pod install' or update your CocoaPods installation.\nEOM\n    exit 1\nfi\n";
			showEnvVarsInLog = 0;
		};
		74C649C047265F7C84CC582A /*  Embed Pods Frameworks */ = {
			isa = PBXShellScriptBuildPhase;
			buildActionMask = 2147483647;
			files = (
			);
			inputPaths = (
			);
			name = " Embed Pods Frameworks";
			outputPaths = (
			);
			runOnlyForDeploymentPostprocessing = 0;
			shellPath = /bin/sh;
			shellScript = "\"${SRCROOT}/Pods/Target Support Files/Pods-TopMovies/Pods-TopMovies-frameworks.sh\"\n";
			showEnvVarsInLog = 0;
		};
		84D58AFA954318B9E7FD8E96 /*  Copy Pods Resources */ = {
			isa = PBXShellScriptBuildPhase;
			buildActionMask = 2147483647;
			files = (
			);
			inputPaths = (
			);
			name = " Copy Pods Resources";
			outputPaths = (
			);
			runOnlyForDeploymentPostprocessing = 0;
			shellPath = /bin/sh;
			shellScript = "\"${SRCROOT}/Pods/Target Support Files/Pods-TopMovies/Pods-TopMovies-resources.sh\"\n";
			showEnvVarsInLog = 0;
		};
		86BC98762647FF660AC25669 /*  Embed Pods Frameworks */ = {
			isa = PBXShellScriptBuildPhase;
			buildActionMask = 2147483647;
			files = (
			);
			inputPaths = (
			);
			name = " Embed Pods Frameworks";
			outputPaths = (
			);
			runOnlyForDeploymentPostprocessing = 0;
			shellPath = /bin/sh;
			shellScript = "\"${SRCROOT}/Pods/Target Support Files/Pods-TopMovies/Pods-TopMovies-frameworks.sh\"\n";
			showEnvVarsInLog = 0;
		};
		8F1009D2C31F678B8AC3EAA1 /*  Copy Pods Resources */ = {
			isa = PBXShellScriptBuildPhase;
			buildActionMask = 2147483647;
			files = (
			);
			inputPaths = (
			);
			name = " Copy Pods Resources";
			outputPaths = (
			);
			runOnlyForDeploymentPostprocessing = 0;
			shellPath = /bin/sh;
			shellScript = "\"${SRCROOT}/Pods/Target Support Files/Pods-TopMovies/Pods-TopMovies-resources.sh\"\n";
			showEnvVarsInLog = 0;
		};
		A5EC6250B7F600C1166813CD /*  Embed Pods Frameworks */ = {
			isa = PBXShellScriptBuildPhase;
			buildActionMask = 2147483647;
			files = (
			);
			inputPaths = (
			);
			name = " Embed Pods Frameworks";
			outputPaths = (
			);
			runOnlyForDeploymentPostprocessing = 0;
			shellPath = /bin/sh;
			shellScript = "\"${SRCROOT}/Pods/Target Support Files/Pods-TopMovies/Pods-TopMovies-frameworks.sh\"\n";
			showEnvVarsInLog = 0;
		};
		C2801B03F4F00777A116EF74 /*  Check Pods Manifest.lock */ = {
			isa = PBXShellScriptBuildPhase;
			buildActionMask = 2147483647;
			files = (
			);
			inputPaths = (
			);
			name = " Check Pods Manifest.lock";
			outputPaths = (
			);
			runOnlyForDeploymentPostprocessing = 0;
			shellPath = /bin/sh;
			shellScript = "diff \"${PODS_ROOT}/../Podfile.lock\" \"${PODS_ROOT}/Manifest.lock\" > /dev/null\nif [[ $? != 0 ]] ; then\n    cat << EOM\nerror: The sandbox is not in sync with the Podfile.lock. Run 'pod install' or update your CocoaPods installation.\nEOM\n    exit 1\nfi\n";
			showEnvVarsInLog = 0;
		};
		C4EF21F5EEB27372D9D9DC07 /*  Check Pods Manifest.lock */ = {
			isa = PBXShellScriptBuildPhase;
			buildActionMask = 2147483647;
			files = (
			);
			inputPaths = (
			);
			name = " Check Pods Manifest.lock";
			outputPaths = (
			);
			runOnlyForDeploymentPostprocessing = 0;
			shellPath = /bin/sh;
			shellScript = "diff \"${PODS_ROOT}/../Podfile.lock\" \"${PODS_ROOT}/Manifest.lock\" > /dev/null\nif [[ $? != 0 ]] ; then\n    cat << EOM\nerror: The sandbox is not in sync with the Podfile.lock. Run 'pod install' or update your CocoaPods installation.\nEOM\n    exit 1\nfi\n";
			showEnvVarsInLog = 0;
		};
		C74187086B02CB7D261FD00B /*  Embed Pods Frameworks */ = {
			isa = PBXShellScriptBuildPhase;
			buildActionMask = 2147483647;
			files = (
			);
			inputPaths = (
			);
			name = " Embed Pods Frameworks";
			outputPaths = (
			);
			runOnlyForDeploymentPostprocessing = 0;
			shellPath = /bin/sh;
			shellScript = "\"${SRCROOT}/Pods/Target Support Files/Pods-TopMovies/Pods-TopMovies-frameworks.sh\"\n";
			showEnvVarsInLog = 0;
		};
		C8CD887B208CAA1361552B23 /*  Embed Pods Frameworks */ = {
			isa = PBXShellScriptBuildPhase;
			buildActionMask = 2147483647;
			files = (
			);
			inputPaths = (
			);
			name = " Embed Pods Frameworks";
			outputPaths = (
			);
			runOnlyForDeploymentPostprocessing = 0;
			shellPath = /bin/sh;
			shellScript = "\"${SRCROOT}/Pods/Target Support Files/Pods-TopMovies/Pods-TopMovies-frameworks.sh\"\n";
			showEnvVarsInLog = 0;
		};
		DB367007E0946C04CADE71A7 /*  Check Pods Manifest.lock */ = {
			isa = PBXShellScriptBuildPhase;
			buildActionMask = 2147483647;
			files = (
			);
			inputPaths = (
			);
			name = " Check Pods Manifest.lock";
			outputPaths = (
			);
			runOnlyForDeploymentPostprocessing = 0;
			shellPath = /bin/sh;
			shellScript = "diff \"${PODS_ROOT}/../Podfile.lock\" \"${PODS_ROOT}/Manifest.lock\" > /dev/null\nif [[ $? != 0 ]] ; then\n    cat << EOM\nerror: The sandbox is not in sync with the Podfile.lock. Run 'pod install' or update your CocoaPods installation.\nEOM\n    exit 1\nfi\n";
			showEnvVarsInLog = 0;
		};
		DC59E18D241A9C85C698936B /*  Copy Pods Resources */ = {
			isa = PBXShellScriptBuildPhase;
			buildActionMask = 2147483647;
			files = (
			);
			inputPaths = (
			);
			name = " Copy Pods Resources";
			outputPaths = (
			);
			runOnlyForDeploymentPostprocessing = 0;
			shellPath = /bin/sh;
			shellScript = "\"${SRCROOT}/Pods/Target Support Files/Pods-TopMovies/Pods-TopMovies-resources.sh\"\n";
			showEnvVarsInLog = 0;
		};
		ECF9DD60CCB09F5A3AE7DED0 /*  Embed Pods Frameworks */ = {
			isa = PBXShellScriptBuildPhase;
			buildActionMask = 2147483647;
			files = (
			);
			inputPaths = (
			);
			name = " Embed Pods Frameworks";
			outputPaths = (
			);
			runOnlyForDeploymentPostprocessing = 0;
			shellPath = /bin/sh;
			shellScript = "\"${SRCROOT}/Pods/Target Support Files/Pods-TopMovies/Pods-TopMovies-frameworks.sh\"\n";
			showEnvVarsInLog = 0;
		};
		F416359DE513A2FF495A8DAA /*  Check Pods Manifest.lock */ = {
			isa = PBXShellScriptBuildPhase;
			buildActionMask = 2147483647;
			files = (
			);
			inputPaths = (
			);
			name = " Check Pods Manifest.lock";
			outputPaths = (
			);
			runOnlyForDeploymentPostprocessing = 0;
			shellPath = /bin/sh;
			shellScript = "diff \"${PODS_ROOT}/../Podfile.lock\" \"${PODS_ROOT}/Manifest.lock\" > /dev/null\nif [[ $? != 0 ]] ; then\n    cat << EOM\nerror: The sandbox is not in sync with the Podfile.lock. Run 'pod install' or update your CocoaPods installation.\nEOM\n    exit 1\nfi\n";
			showEnvVarsInLog = 0;
		};
		FE9326F593B1F30418B5F1D9 /*  Copy Pods Resources */ = {
			isa = PBXShellScriptBuildPhase;
			buildActionMask = 2147483647;
			files = (
			);
			inputPaths = (
			);
			name = " Copy Pods Resources";
			outputPaths = (
			);
			runOnlyForDeploymentPostprocessing = 0;
			shellPath = /bin/sh;
			shellScript = "\"${SRCROOT}/Pods/Target Support Files/Pods-TopMovies/Pods-TopMovies-resources.sh\"\n";
			showEnvVarsInLog = 0;
		};
		FFCAA07671A2E58D8B4B0B30 /*  Copy Pods Resources */ = {
			isa = PBXShellScriptBuildPhase;
			buildActionMask = 2147483647;
			files = (
			);
			inputPaths = (
			);
			name = " Copy Pods Resources";
			outputPaths = (
			);
			runOnlyForDeploymentPostprocessing = 0;
			shellPath = /bin/sh;
			shellScript = "\"${SRCROOT}/Pods/Target Support Files/Pods-TopMovies/Pods-TopMovies-resources.sh\"\n";
			showEnvVarsInLog = 0;
		};
/* End PBXShellScriptBuildPhase section */

/* Begin PBXSourcesBuildPhase section */
		C76604E81CA48947008D1CF5 /* Sources */ = {
			isa = PBXSourcesBuildPhase;
			buildActionMask = 2147483647;
			files = (
				C76604FC1CA48947008D1CF5 /* main.m in Sources */,
				C76605001CA48947008D1CF5 /* AppDelegate.m in Sources */,
				C766050C1CA48948008D1CF5 /* ViewController.m in Sources */,
				C7C8927E1CA55772005DB8FB /* PosterViewController.m in Sources */,
				C7FFD3B41CA6D4E800212184 /* MovieDetailViewController.m in Sources */,
				C7CF86781CA885E2000E77C6 /* Images.m in Sources */,
				C7CF867B1CA88A18000E77C6 /* RetornoConfiguration.m in Sources */,
				C7CF867E1CA89185000E77C6 /* Collection.m in Sources */,
				C7CF86811CA89219000E77C6 /* FilmeInfo.m in Sources */,
				C7CF86841CA89472000E77C6 /* Genres.m in Sources */,
				C7CF86871CA894F4000E77C6 /* ProductionCompanies.m in Sources */,
				C7CF868A1CA89526000E77C6 /* ProductionCountries.m in Sources */,
				C7CF868D1CA89591000E77C6 /* RetornoMovieInfo.m in Sources */,
				C7CF86901CA899DE000E77C6 /* SpokenLanguages.m in Sources */,
				C7CF86931CA89D58000E77C6 /* RetornoTMDB.m in Sources */,
				C7CF86961CA89E46000E77C6 /* Trailer.m in Sources */,
				C7CF86991CA89F17000E77C6 /* RetornoTrailer.m in Sources */,
			);
			runOnlyForDeploymentPostprocessing = 0;
		};
/* End PBXSourcesBuildPhase section */

/* Begin PBXVariantGroup section */
		C76604F81CA48947008D1CF5 /* InfoPlist.strings */ = {
			isa = PBXVariantGroup;
			children = (
				C76604F91CA48947008D1CF5 /* en */,
			);
			name = InfoPlist.strings;
			sourceTree = "<group>";
		};
/* End PBXVariantGroup section */

/* Begin XCBuildConfiguration section */
		C766050D1CA48948008D1CF5 /* Debug */ = {
			isa = XCBuildConfiguration;
			buildSettings = {
				ALWAYS_SEARCH_USER_PATHS = NO;
				CLANG_CXX_LANGUAGE_STANDARD = "gnu++0x";
				CLANG_CXX_LIBRARY = "libc++";
				CLANG_ENABLE_OBJC_ARC = YES;
				CLANG_WARN_CONSTANT_CONVERSION = YES;
				CLANG_WARN_EMPTY_BODY = YES;
				CLANG_WARN_ENUM_CONVERSION = YES;
				CLANG_WARN_INT_CONVERSION = YES;
				CLANG_WARN__DUPLICATE_METHOD_MATCH = YES;
				"CODE_SIGN_IDENTITY[sdk=iphoneos*]" = "iPhone Developer";
				COPY_PHASE_STRIP = NO;
				GCC_C_LANGUAGE_STANDARD = gnu99;
				GCC_DYNAMIC_NO_PIC = NO;
				GCC_OPTIMIZATION_LEVEL = 0;
				GCC_PREPROCESSOR_DEFINITIONS = (
					"DEBUG=1",
					"$(inherited)",
				);
				GCC_SYMBOLS_PRIVATE_EXTERN = NO;
				GCC_WARN_ABOUT_RETURN_TYPE = YES;
				GCC_WARN_UNINITIALIZED_AUTOS = YES;
				GCC_WARN_UNUSED_VARIABLE = YES;
				IPHONEOS_DEPLOYMENT_TARGET = 6.1;
				ONLY_ACTIVE_ARCH = YES;
				SDKROOT = iphoneos;
			};
			name = Debug;
		};
		C766050E1CA48948008D1CF5 /* Release */ = {
			isa = XCBuildConfiguration;
			buildSettings = {
				ALWAYS_SEARCH_USER_PATHS = NO;
				CLANG_CXX_LANGUAGE_STANDARD = "gnu++0x";
				CLANG_CXX_LIBRARY = "libc++";
				CLANG_ENABLE_OBJC_ARC = YES;
				CLANG_WARN_CONSTANT_CONVERSION = YES;
				CLANG_WARN_EMPTY_BODY = YES;
				CLANG_WARN_ENUM_CONVERSION = YES;
				CLANG_WARN_INT_CONVERSION = YES;
				CLANG_WARN__DUPLICATE_METHOD_MATCH = YES;
				"CODE_SIGN_IDENTITY[sdk=iphoneos*]" = "iPhone Developer";
				COPY_PHASE_STRIP = YES;
				GCC_C_LANGUAGE_STANDARD = gnu99;
				GCC_WARN_ABOUT_RETURN_TYPE = YES;
				GCC_WARN_UNINITIALIZED_AUTOS = YES;
				GCC_WARN_UNUSED_VARIABLE = YES;
				IPHONEOS_DEPLOYMENT_TARGET = 6.1;
				OTHER_CFLAGS = "-DNS_BLOCK_ASSERTIONS=1";
				SDKROOT = iphoneos;
				VALIDATE_PRODUCT = YES;
			};
			name = Release;
		};
		C76605101CA48948008D1CF5 /* Debug */ = {
			isa = XCBuildConfiguration;
			baseConfigurationReference = C9390466955F1FBB0756CB7D /* Pods-TopMovies.debug.xcconfig */;
			buildSettings = {
				GCC_PRECOMPILE_PREFIX_HEADER = YES;
				GCC_PREFIX_HEADER = "TopMovies/TopMovies-Prefix.pch";
				INFOPLIST_FILE = "TopMovies/TopMovies-Info.plist";
				PRODUCT_NAME = "$(TARGET_NAME)";
				WRAPPER_EXTENSION = app;
			};
			name = Debug;
		};
		C76605111CA48948008D1CF5 /* Release */ = {
			isa = XCBuildConfiguration;
			baseConfigurationReference = 88F06DD33E47DBBFB5DBA650 /* Pods-TopMovies.release.xcconfig */;
			buildSettings = {
				GCC_PRECOMPILE_PREFIX_HEADER = YES;
				GCC_PREFIX_HEADER = "TopMovies/TopMovies-Prefix.pch";
				INFOPLIST_FILE = "TopMovies/TopMovies-Info.plist";
				PRODUCT_NAME = "$(TARGET_NAME)";
				WRAPPER_EXTENSION = app;
			};
			name = Release;
		};
/* End XCBuildConfiguration section */

/* Begin XCConfigurationList section */
		C76604E71CA48947008D1CF5 /* Build configuration list for PBXProject "TopMovies" */ = {
			isa = XCConfigurationList;
			buildConfigurations = (
				C766050D1CA48948008D1CF5 /* Debug */,
				C766050E1CA48948008D1CF5 /* Release */,
			);
			defaultConfigurationIsVisible = 0;
			defaultConfigurationName = Release;
		};
		C766050F1CA48948008D1CF5 /* Build configuration list for PBXNativeTarget "TopMovies" */ = {
			isa = XCConfigurationList;
			buildConfigurations = (
				C76605101CA48948008D1CF5 /* Debug */,
				C76605111CA48948008D1CF5 /* Release */,
			);
			defaultConfigurationIsVisible = 0;
			defaultConfigurationName = Release;
		};
/* End XCConfigurationList section */
	};
	rootObject = C76604E41CA48947008D1CF5 /* Project object */;
}
